
Microsoft Visual Studio Solution File, Format Version 12.00
# Visual Studio Version 17
VisualStudioVersion = 17.7.34009.444
MinimumVisualStudioVersion = 10.0.40219.1
Project("{8BC9CEB8-8B4A-11D0-8D11-00A0C91BC942}") = "MyTestTracker", "MyTestTracker\MyTestTracker.vcxproj", "{E913F1E2-EB4B-404C-A26C-7D4AA7D01E73}"
EndProject
Global
	GlobalSection(SolutionConfigurationPlatforms) = preSolution
		Debug|x64 = Debug|x64
		Debug|x86 = Debug|x86
		Release|x64 = Release|x64
		Release|x86 = Release|x86
	EndGlobalSection
	GlobalSection(ProjectConfigurationPlatforms) = postSolution
		{E913F1E2-EB4B-404C-A26C-7D4AA7D01E73}.Debug|x64.ActiveCfg = Debug|x64
		{E913F1E2-EB4B-404C-A26C-7D4AA7D01E73}.Debug|x64.Build.0 = Debug|x64
		{E913F1E2-EB4B-404C-A26C-7D4AA7D01E73}.Debug|x86.ActiveCfg = Debug|Win32
		{E913F1E2-EB4B-404C-A26C-7D4AA7D01E73}.Debug|x86.Build.0 = Debug|Win32
		{E913F1E2-EB4B-404C-A26C-7D4AA7D01E73}.Release|x64.ActiveCfg = Release|x64
		{E913F1E2-EB4B-404C-A26C-7D4AA7D01E73}.Release|x64.Build.0 = Release|x64
		{E913F1E2-EB4B-404C-A26C-7D4AA7D01E73}.Release|x86.ActiveCfg = Release|Win32
		{E913F1E2-EB4B-404C-A26C-7D4AA7D01E73}.Release|x86.Build.0 = Release|Win32
	EndGlobalSection
	GlobalSection(SolutionProperties) = preSolution
		HideSolutionNode = FALSE
	EndGlobalSection
	GlobalSection(ExtensibilityGlobals) = postSolution
		SolutionGuid = {209E6A3E-323A-4EFB-AC73-20F74C33F247}
	EndGlobalSection
EndGlobal
